
Microsoft Visual Studio Solution File, Format Version 12.00
# Visual Studio Version 17
VisualStudioVersion = 17.1.32210.238
MinimumVisualStudioVersion = 10.0.40219.1
Project("{9A19103F-16F7-4668-BE54-9A1E7A4F7556}") = "Education.Domain", "Education.Domain\Education.Domain.csproj", "{7620F43B-339C-4F0E-9FE7-CDEABDB4FBA9}"
EndProject
Project("{9A19103F-16F7-4668-BE54-9A1E7A4F7556}") = "Education.Persistence", "Education.Persistence\Education.Persistence.csproj", "{E5513CA4-4EF9-43D9-9412-D87DEB06EA0C}"
EndProject
Project("{9A19103F-16F7-4668-BE54-9A1E7A4F7556}") = "Education.Application", "Education.Application\Education.Application.csproj", "{F5E54B61-57C4-4AA6-B528-96FE0E2FFFCC}"
EndProject
Project("{9A19103F-16F7-4668-BE54-9A1E7A4F7556}") = "Education.Api", "Education.Api\Education.Api.csproj", "{A22E9BBE-786B-45FC-93F0-EC8313CDDAAD}"
EndProject
Project("{FAE04EC0-301F-11D3-BF4B-00C04F79EFBC}") = "Education.Application.NUnitTest", "Education.Application.NUnitTest\Education.Application.NUnitTest.csproj", "{04AFA76A-712C-4E80-8226-1AB9A1B7EBD9}"
EndProject
Global
	GlobalSection(SolutionConfigurationPlatforms) = preSolution
		Debug|Any CPU = Debug|Any CPU
		Release|Any CPU = Release|Any CPU
	EndGlobalSection
	GlobalSection(ProjectConfigurationPlatforms) = postSolution
		{7620F43B-339C-4F0E-9FE7-CDEABDB4FBA9}.Debug|Any CPU.ActiveCfg = Debug|Any CPU
		{7620F43B-339C-4F0E-9FE7-CDEABDB4FBA9}.Debug|Any CPU.Build.0 = Debug|Any CPU
		{7620F43B-339C-4F0E-9FE7-CDEABDB4FBA9}.Release|Any CPU.ActiveCfg = Release|Any CPU
		{7620F43B-339C-4F0E-9FE7-CDEABDB4FBA9}.Release|Any CPU.Build.0 = Release|Any CPU
		{E5513CA4-4EF9-43D9-9412-D87DEB06EA0C}.Debug|Any CPU.ActiveCfg = Debug|Any CPU
		{E5513CA4-4EF9-43D9-9412-D87DEB06EA0C}.Debug|Any CPU.Build.0 = Debug|Any CPU
		{E5513CA4-4EF9-43D9-9412-D87DEB06EA0C}.Release|Any CPU.ActiveCfg = Release|Any CPU
		{E5513CA4-4EF9-43D9-9412-D87DEB06EA0C}.Release|Any CPU.Build.0 = Release|Any CPU
		{F5E54B61-57C4-4AA6-B528-96FE0E2FFFCC}.Debug|Any CPU.ActiveCfg = Debug|Any CPU
		{F5E54B61-57C4-4AA6-B528-96FE0E2FFFCC}.Debug|Any CPU.Build.0 = Debug|Any CPU
		{F5E54B61-57C4-4AA6-B528-96FE0E2FFFCC}.Release|Any CPU.ActiveCfg = Release|Any CPU
		{F5E54B61-57C4-4AA6-B528-96FE0E2FFFCC}.Release|Any CPU.Build.0 = Release|Any CPU
		{A22E9BBE-786B-45FC-93F0-EC8313CDDAAD}.Debug|Any CPU.ActiveCfg = Debug|Any CPU
		{A22E9BBE-786B-45FC-93F0-EC8313CDDAAD}.Debug|Any CPU.Build.0 = Debug|Any CPU
		{A22E9BBE-786B-45FC-93F0-EC8313CDDAAD}.Release|Any CPU.ActiveCfg = Release|Any CPU
		{A22E9BBE-786B-45FC-93F0-EC8313CDDAAD}.Release|Any CPU.Build.0 = Release|Any CPU
		{04AFA76A-712C-4E80-8226-1AB9A1B7EBD9}.Debug|Any CPU.ActiveCfg = Debug|Any CPU
		{04AFA76A-712C-4E80-8226-1AB9A1B7EBD9}.Debug|Any CPU.Build.0 = Debug|Any CPU
		{04AFA76A-712C-4E80-8226-1AB9A1B7EBD9}.Release|Any CPU.ActiveCfg = Release|Any CPU
		{04AFA76A-712C-4E80-8226-1AB9A1B7EBD9}.Release|Any CPU.Build.0 = Release|Any CPU
	EndGlobalSection
	GlobalSection(SolutionProperties) = preSolution
		HideSolutionNode = FALSE
	EndGlobalSection
	GlobalSection(ExtensibilityGlobals) = postSolution
		SolutionGuid = {E6CE113A-109B-45CB-9F5A-C9C9916A6E66}
	EndGlobalSection
EndGlobal
